
Microsoft Visual Studio Solution File, Format Version 12.00
Project("{FAE04EC0-301F-11D3-BF4B-00C04F79EFBC}") = "Airship", "Airship\Airship.csproj", "{672178F3-E8F6-438A-A27C-4D276812D525}"
EndProject
Global
	GlobalSection(SolutionConfigurationPlatforms) = preSolution
		Debug|Any CPU = Debug|Any CPU
		Release|Any CPU = Release|Any CPU
	EndGlobalSection
	GlobalSection(NestedProjects) = preSolution
	EndGlobalSection
	GlobalSection(ProjectConfigurationPlatforms) = postSolution
		{672178F3-E8F6-438A-A27C-4D276812D525}.Debug|Any CPU.ActiveCfg = Debug|Any CPU
		{672178F3-E8F6-438A-A27C-4D276812D525}.Debug|Any CPU.Build.0 = Debug|Any CPU
		{672178F3-E8F6-438A-A27C-4D276812D525}.Release|Any CPU.ActiveCfg = Release|Any CPU
		{672178F3-E8F6-438A-A27C-4D276812D525}.Release|Any CPU.Build.0 = Release|Any CPU
	EndGlobalSection
EndGlobal
